
Microsoft Visual Studio Solution File, Format Version 12.00
# Visual Studio Version 17
VisualStudioVersion = 17.11.35222.181
MinimumVisualStudioVersion = 10.0.40219.1
Project("{FAE04EC0-301F-11D3-BF4B-00C04F79EFBC}") = "Roulett", "Roulett\Roulett.csproj", "{29D31E08-9ED0-4687-9482-20D6EA851BE4}"
EndProject
Global
	GlobalSection(SolutionConfigurationPlatforms) = preSolution
		Debug|Any CPU = Debug|Any CPU
		Release|Any CPU = Release|Any CPU
	EndGlobalSection
	GlobalSection(ProjectConfigurationPlatforms) = postSolution
		{29D31E08-9ED0-4687-9482-20D6EA851BE4}.Debug|Any CPU.ActiveCfg = Debug|Any CPU
		{29D31E08-9ED0-4687-9482-20D6EA851BE4}.Debug|Any CPU.Build.0 = Debug|Any CPU
		{29D31E08-9ED0-4687-9482-20D6EA851BE4}.Release|Any CPU.ActiveCfg = Release|Any CPU
		{29D31E08-9ED0-4687-9482-20D6EA851BE4}.Release|Any CPU.Build.0 = Release|Any CPU
	EndGlobalSection
	GlobalSection(SolutionProperties) = preSolution
		HideSolutionNode = FALSE
	EndGlobalSection
	GlobalSection(ExtensibilityGlobals) = postSolution
		SolutionGuid = {65E92A8D-58DD-4834-A3E3-407F4E2CA4BC}
	EndGlobalSection
EndGlobal
